
Microsoft Visual Studio Solution File, Format Version 12.00
# Visual Studio Version 17
VisualStudioVersion = 17.3.32901.215
MinimumVisualStudioVersion = 10.0.40219.1
Project("{9A19103F-16F7-4668-BE54-9A1E7A4F7556}") = "BomberGame.Winforms", "BomberGame.Winforms\BomberGame.Winforms.csproj", "{31763DB9-4281-4447-B6BA-E0FF9C8AC9AE}"
EndProject
Project("{9A19103F-16F7-4668-BE54-9A1E7A4F7556}") = "BomberGame", "BomberGame\BomberGame.csproj", "{C8ABEAE6-6832-4FD2-A85F-AF15C3F3D752}"
EndProject
Project("{FAE04EC0-301F-11D3-BF4B-00C04F79EFBC}") = "BomberGameTest", "BomberGameTest\BomberGameTest.csproj", "{A9B02F9A-82F9-4081-AF0F-AAA9109B0A40}"
EndProject
Global
	GlobalSection(SolutionConfigurationPlatforms) = preSolution
		Debug|Any CPU = Debug|Any CPU
		Release|Any CPU = Release|Any CPU
	EndGlobalSection
	GlobalSection(ProjectConfigurationPlatforms) = postSolution
		{31763DB9-4281-4447-B6BA-E0FF9C8AC9AE}.Debug|Any CPU.ActiveCfg = Debug|Any CPU
		{31763DB9-4281-4447-B6BA-E0FF9C8AC9AE}.Debug|Any CPU.Build.0 = Debug|Any CPU
		{31763DB9-4281-4447-B6BA-E0FF9C8AC9AE}.Release|Any CPU.ActiveCfg = Release|Any CPU
		{31763DB9-4281-4447-B6BA-E0FF9C8AC9AE}.Release|Any CPU.Build.0 = Release|Any CPU
		{C8ABEAE6-6832-4FD2-A85F-AF15C3F3D752}.Debug|Any CPU.ActiveCfg = Debug|Any CPU
		{C8ABEAE6-6832-4FD2-A85F-AF15C3F3D752}.Debug|Any CPU.Build.0 = Debug|Any CPU
		{C8ABEAE6-6832-4FD2-A85F-AF15C3F3D752}.Release|Any CPU.ActiveCfg = Release|Any CPU
		{C8ABEAE6-6832-4FD2-A85F-AF15C3F3D752}.Release|Any CPU.Build.0 = Release|Any CPU
		{A9B02F9A-82F9-4081-AF0F-AAA9109B0A40}.Debug|Any CPU.ActiveCfg = Debug|Any CPU
		{A9B02F9A-82F9-4081-AF0F-AAA9109B0A40}.Debug|Any CPU.Build.0 = Debug|Any CPU
		{A9B02F9A-82F9-4081-AF0F-AAA9109B0A40}.Release|Any CPU.ActiveCfg = Release|Any CPU
		{A9B02F9A-82F9-4081-AF0F-AAA9109B0A40}.Release|Any CPU.Build.0 = Release|Any CPU
	EndGlobalSection
	GlobalSection(SolutionProperties) = preSolution
		HideSolutionNode = FALSE
	EndGlobalSection
	GlobalSection(ExtensibilityGlobals) = postSolution
		SolutionGuid = {13249530-CFA8-456F-838C-D0FB80513CCE}
	EndGlobalSection
EndGlobal
